
Microsoft Visual Studio Solution File, Format Version 12.00
# Visual Studio Version 17
VisualStudioVersion = 17.4.33122.133
MinimumVisualStudioVersion = 10.0.40219.1
Project("{FAE04EC0-301F-11D3-BF4B-00C04F79EFBC}") = "AssessmentFinal", "AssessmentFinal\AssessmentFinal.csproj", "{0520C92B-FFA5-4522-A84F-A863AE357372}"
EndProject
Global
	GlobalSection(SolutionConfigurationPlatforms) = preSolution
		Debug|Any CPU = Debug|Any CPU
		Release|Any CPU = Release|Any CPU
	EndGlobalSection
	GlobalSection(ProjectConfigurationPlatforms) = postSolution
		{0520C92B-FFA5-4522-A84F-A863AE357372}.Debug|Any CPU.ActiveCfg = Debug|Any CPU
		{0520C92B-FFA5-4522-A84F-A863AE357372}.Debug|Any CPU.Build.0 = Debug|Any CPU
		{0520C92B-FFA5-4522-A84F-A863AE357372}.Release|Any CPU.ActiveCfg = Release|Any CPU
		{0520C92B-FFA5-4522-A84F-A863AE357372}.Release|Any CPU.Build.0 = Release|Any CPU
	EndGlobalSection
	GlobalSection(SolutionProperties) = preSolution
		HideSolutionNode = FALSE
	EndGlobalSection
	GlobalSection(ExtensibilityGlobals) = postSolution
		SolutionGuid = {DCB0B812-56A0-44A1-AAB7-AAD706353089}
	EndGlobalSection
EndGlobal
